
Microsoft Visual Studio Solution File, Format Version 12.00
# Visual Studio 15
VisualStudioVersion = 15.0.28307.539
MinimumVisualStudioVersion = 10.0.40219.1
Project("{FAE04EC0-301F-11D3-BF4B-00C04F79EFBC}") = "OlympiadTest", "OlympiadTest\OlympiadTest.csproj", "{16020273-F98C-48BF-BD37-39D514243386}"
EndProject
Global
	GlobalSection(SolutionConfigurationPlatforms) = preSolution
		Debug|Any CPU = Debug|Any CPU
		Release|Any CPU = Release|Any CPU
	EndGlobalSection
	GlobalSection(ProjectConfigurationPlatforms) = postSolution
		{16020273-F98C-48BF-BD37-39D514243386}.Debug|Any CPU.ActiveCfg = Debug|Any CPU
		{16020273-F98C-48BF-BD37-39D514243386}.Debug|Any CPU.Build.0 = Debug|Any CPU
		{16020273-F98C-48BF-BD37-39D514243386}.Release|Any CPU.ActiveCfg = Release|Any CPU
		{16020273-F98C-48BF-BD37-39D514243386}.Release|Any CPU.Build.0 = Release|Any CPU
	EndGlobalSection
	GlobalSection(SolutionProperties) = preSolution
		HideSolutionNode = FALSE
	EndGlobalSection
	GlobalSection(ExtensibilityGlobals) = postSolution
		SolutionGuid = {A255933C-681A-4DEB-9EEC-A1FC4D9EE16F}
	EndGlobalSection
EndGlobal
